# This file is autogenerated, do not edit; changes may be undone by the next 'dep ensure'.


[[projects]]
  branch = "master"
  name = "git.apache.org/thrift.git"
  packages = ["lib/go/thrift"]
  revision = "da1169d75b154e48871851ea8d731fccb0876fe7"

[solve-meta]
  analyzer-name = "dep"
  analyzer-version = 1
  inputs-digest = "94854b4e818d0b1d45ec73ce0f011e918ff9faf657850de0951e71021af47aa6"
  solver-name = "gps-cdcl"
  solver-version = 1
